
Microsoft Visual Studio Solution File, Format Version 12.00
# Visual Studio Version 16
VisualStudioVersion = 16.0.30114.105
MinimumVisualStudioVersion = 10.0.40219.1
Project("{FAE04EC0-301F-11D3-BF4B-00C04F79EFBC}") = "Syncy", "Syncy\Syncy.csproj", "{F7D09367-075C-414A-982B-31A0E267A436}"
EndProject
Global
	GlobalSection(SolutionConfigurationPlatforms) = preSolution
		Debug|Any CPU = Debug|Any CPU
		Release|Any CPU = Release|Any CPU
	EndGlobalSection
	GlobalSection(ProjectConfigurationPlatforms) = postSolution
		{F7D09367-075C-414A-982B-31A0E267A436}.Debug|Any CPU.ActiveCfg = Debug|Any CPU
		{F7D09367-075C-414A-982B-31A0E267A436}.Debug|Any CPU.Build.0 = Debug|Any CPU
		{F7D09367-075C-414A-982B-31A0E267A436}.Release|Any CPU.ActiveCfg = Release|Any CPU
		{F7D09367-075C-414A-982B-31A0E267A436}.Release|Any CPU.Build.0 = Release|Any CPU
	EndGlobalSection
	GlobalSection(SolutionProperties) = preSolution
		HideSolutionNode = FALSE
	EndGlobalSection
	GlobalSection(ExtensibilityGlobals) = postSolution
		SolutionGuid = {BCDD049F-2555-41C3-9545-7E8AC6F90727}
	EndGlobalSection
EndGlobal
